# This file is automatically @generated by Poetry 1.4.1 and should not be changed by hand.

[[package]]
name = "cffi"
version = "1.17.1"
description = "Foreign Function Interface for Python calling C code."
category = "main"
optional = false
python-versions = ">=3.8"
files = [
    {file = "cffi-1.17.1-cp310-cp310-macosx_10_9_x86_64.whl", hash = "sha256:df8b1c11f177bc2313ec4b2d46baec87a5f3e71fc8b45dab2ee7cae86d9aba14"},
    {file = "cffi-1.17.1-cp310-cp310-macosx_11_0_arm64.whl", hash = "sha256:8f2cdc858323644ab277e9bb925ad72ae0e67f69e804f4898c070998d50b1a67"},
    {file = "cffi-1.17.1-cp310-cp310-manylinux_2_12_i686.manylinux2010_i686.manylinux_2_17_i686.manylinux2014_i686.whl", hash = "sha256:edae79245293e15384b51f88b00613ba9f7198016a5948b5dddf4917d4d26382"},
    {file = "cffi-1.17.1-cp310-cp310-manylinux_2_17_aarch64.manylinux2014_aarch64.whl", hash = "sha256:45398b671ac6d70e67da8e4224a065cec6a93541bb7aebe1b198a61b58c7b702"},
    {file = "cffi-1.17.1-cp310-cp310-manylinux_2_17_ppc64le.manylinux2014_ppc64le.whl", hash = "sha256:ad9413ccdeda48c5afdae7e4fa2192157e991ff761e7ab8fdd8926f40b160cc3"},
    {file = "cffi-1.17.1-cp310-cp310-manylinux_2_17_s390x.manylinux2014_s390x.whl", hash = "sha256:5da5719280082ac6bd9aa7becb3938dc9f9cbd57fac7d2871717b1feb0902ab6"},
    {file = "cffi-1.17.1-cp310-cp310-manylinux_2_17_x86_64.manylinux2014_x86_64.whl", hash = "sha256:2bb1a08b8008b281856e5971307cc386a8e9c5b625ac297e853d36da6efe9c17"},
    {file = "cffi-1.17.1-cp310-cp310-musllinux_1_1_aarch64.whl", hash = "sha256:045d61c734659cc045141be4bae381a41d89b741f795af1dd018bfb532fd0df8"},
    {file = "cffi-1.17.1-cp310-cp310-musllinux_1_1_i686.whl", hash = "sha256:6883e737d7d9e4899a8a695e00ec36bd4e5e4f18fabe0aca0efe0a4b44cdb13e"},
    {file = "cffi-1.17.1-cp310-cp310-musllinux_1_1_x86_64.whl", hash = "sha256:6b8b4a92e1c65048ff98cfe1f735ef8f1ceb72e3d5f0c25fdb12087a23da22be"},
    {file = "cffi-1.17.1-cp310-cp310-win32.whl", hash = "sha256:c9c3d058ebabb74db66e431095118094d06abf53284d9c81f27300d0e0d8bc7c"},
    {file = "cffi-1.17.1-cp310-cp310-win_amd64.whl", hash = "sha256:0f048dcf80db46f0098ccac01132761580d28e28bc0f78ae0d58048063317e15"},
    {file = "cffi-1.17.1-cp311-cp311-macosx_10_9_x86_64.whl", hash = "sha256:a45e3c6913c5b87b3ff120dcdc03f6131fa0065027d0ed7ee6190736a74cd401"},
    {file = "cffi-1.17.1-cp311-cp311-macosx_11_0_arm64.whl", hash = "sha256:30c5e0cb5ae493c04c8b42916e52ca38079f1b235c2f8ae5f4527b963c401caf"},
    {file = "cffi-1.17.1-cp311-cp311-manylinux_2_12_i686.manylinux2010_i686.manylinux_2_17_i686.manylinux2014_i686.whl", hash = "sha256:f75c7ab1f9e4aca5414ed4d8e5c0e303a34f4421f8a0d47a4d019ceff0ab6af4"},
    {file = "cffi-1.17.1-cp311-cp311-manylinux_2_17_aarch64.manylinux2014_aarch64.whl", hash = "sha256:a1ed2dd2972641495a3ec98445e09766f077aee98a1c896dcb4ad0d303628e41"},
    {file = "cffi-1.17.1-cp311-cp311-manylinux_2_17_ppc64le.manylinux2014_ppc64le.whl", hash = "sha256:46bf43160c1a35f7ec506d254e5c890f3c03648a4dbac12d624e4490a7046cd1"},
    {file = "cffi-1.17.1-cp311-cp311-manylinux_2_17_s390x.manylinux2014_s390x.whl", hash = "sha256:a24ed04c8ffd54b0729c07cee15a81d964e6fee0e3d4d342a27b020d22959dc6"},
    {file = "cffi-1.17.1-cp311-cp311-manylinux_2_17_x86_64.manylinux2014_x86_64.whl", hash = "sha256:610faea79c43e44c71e1ec53a554553fa22321b65fae24889706c0a84d4ad86d"},
    {file = "cffi-1.17.1-cp311-cp311-musllinux_1_1_aarch64.whl", hash = "sha256:a9b15d491f3ad5d692e11f6b71f7857e7835eb677955c00cc0aefcd0669adaf6"},
    {file = "cffi-1.17.1-cp311-cp311-musllinux_1_1_i686.whl", hash = "sha256:de2ea4b5833625383e464549fec1bc395c1bdeeb5f25c4a3a82b5a8c756ec22f"},
    {file = "cffi-1.17.1-cp311-cp311-musllinux_1_1_x86_64.whl", hash = "sha256:fc48c783f9c87e60831201f2cce7f3b2e4846bf4d8728eabe54d60700b318a0b"},
    {file = "cffi-1.17.1-cp311-cp311-win32.whl", hash = "sha256:85a950a4ac9c359340d5963966e3e0a94a676bd6245a4b55bc43949eee26a655"},
    {file = "cffi-1.17.1-cp311-cp311-win_amd64.whl", hash = "sha256:caaf0640ef5f5517f49bc275eca1406b0ffa6aa184892812030f04c2abf589a0"},
    {file = "cffi-1.17.1-cp312-cp312-macosx_10_9_x86_64.whl", hash = "sha256:805b4371bf7197c329fcb3ead37e710d1bca9da5d583f5073b799d5c5bd1eee4"},
    {file = "cffi-1.17.1-cp312-cp312-macosx_11_0_arm64.whl", hash = "sha256:733e99bc2df47476e3848417c5a4540522f234dfd4ef3ab7fafdf555b082ec0c"},
    {file = "cffi-1.17.1-cp312-cp312-manylinux_2_12_i686.manylinux2010_i686.manylinux_2_17_i686.manylinux2014_i686.whl", hash = "sha256:1257bdabf294dceb59f5e70c64a3e2f462c30c7ad68092d01bbbfb1c16b1ba36"},
    {file = "cffi-1.17.1-cp312-cp312-manylinux_2_17_aarch64.manylinux2014_aarch64.whl", hash = "sha256:da95af8214998d77a98cc14e3a3bd00aa191526343078b530ceb0bd710fb48a5"},
    {file = "cffi-1.17.1-cp312-cp312-manylinux_2_17_ppc64le.manylinux2014_ppc64le.whl", hash = "sha256:d63afe322132c194cf832bfec0dc69a99fb9bb6bbd550f161a49e9e855cc78ff"},
    {file = "cffi-1.17.1-cp312-cp312-manylinux_2_17_s390x.manylinux2014_s390x.whl", hash = "sha256:f79fc4fc25f1c8698ff97788206bb3c2598949bfe0fef03d299eb1b5356ada99"},
    {file = "cffi-1.17.1-cp312-cp312-manylinux_2_17_x86_64.manylinux2014_x86_64.whl", hash = "sha256:b62ce867176a75d03a665bad002af8e6d54644fad99a3c70905c543130e39d93"},
    {file = "cffi-1.17.1-cp312-cp312-musllinux_1_1_aarch64.whl", hash = "sha256:386c8bf53c502fff58903061338ce4f4950cbdcb23e2902d86c0f722b786bbe3"},
    {file = "cffi-1.17.1-cp312-cp312-musllinux_1_1_x86_64.whl", hash = "sha256:4ceb10419a9adf4460ea14cfd6bc43d08701f0835e979bf821052f1805850fe8"},
    {file = "cffi-1.17.1-cp312-cp312-win32.whl", hash = "sha256:a08d7e755f8ed21095a310a693525137cfe756ce62d066e53f502a83dc550f65"},
    {file = "cffi-1.17.1-cp312-cp312-win_amd64.whl", hash = "sha256:51392eae71afec0d0c8fb1a53b204dbb3bcabcb3c9b807eedf3e1e6ccf2de903"},
    {file = "cffi-1.17.1-cp313-cp313-macosx_10_13_x86_64.whl", hash = "sha256:f3a2b4222ce6b60e2e8b337bb9596923045681d71e5a082783484d845390938e"},
    {file = "cffi-1.17.1-cp313-cp313-macosx_11_0_arm64.whl", hash = "sha256:0984a4925a435b1da406122d4d7968dd861c1385afe3b45ba82b750f229811e2"},
    {file = "cffi-1.17.1-cp313-cp313-manylinux_2_12_i686.manylinux2010_i686.manylinux_2_17_i686.manylinux2014_i686.whl", hash = "sha256:d01b12eeeb4427d3110de311e1774046ad344f5b1a7403101878976ecd7a10f3"},
    {file = "cffi-1.17.1-cp313-cp313-manylinux_2_17_aarch64.manylinux2014_aarch64.whl", hash = "sha256:706510fe141c86a69c8ddc029c7910003a17353970cff3b904ff0686a5927683"},
    {file = "cffi-1.17.1-cp313-cp313-manylinux_2_17_ppc64le.manylinux2014_ppc64le.whl", hash = "sha256:de55b766c7aa2e2a3092c51e0483d700341182f08e67c63630d5b6f200bb28e5"},
    {file = "cffi-1.17.1-cp313-cp313-manylinux_2_17_s390x.manylinux2014_s390x.whl", hash = "sha256:c59d6e989d07460165cc5ad3c61f9fd8f1b4796eacbd81cee78957842b834af4"},
    {file = "cffi-1.17.1-cp313-cp313-manylinux_2_17_x86_64.manylinux2014_x86_64.whl", hash = "sha256:dd398dbc6773384a17fe0d3e7eeb8d1a21c2200473ee6806bb5e6a8e62bb73dd"},
    {file = "cffi-1.17.1-cp313-cp313-musllinux_1_1_aarch64.whl", hash = "sha256:3edc8d958eb099c634dace3c7e16560ae474aa3803a5df240542b305d14e14ed"},
    {file = "cffi-1.17.1-cp313-cp313-musllinux_1_1_x86_64.whl", hash = "sha256:72e72408cad3d5419375fc87d289076ee319835bdfa2caad331e377589aebba9"},
    {file = "cffi-1.17.1-cp313-cp313-win32.whl", hash = "sha256:e03eab0a8677fa80d646b5ddece1cbeaf556c313dcfac435ba11f107ba117b5d"},
    {file = "cffi-1.17.1-cp313-cp313-win_amd64.whl", hash = "sha256:f6a16c31041f09ead72d69f583767292f750d24913dadacf5756b966aacb3f1a"},
    {file = "cffi-1.17.1-cp38-cp38-macosx_10_9_x86_64.whl", hash = "sha256:636062ea65bd0195bc012fea9321aca499c0504409f413dc88af450b57ffd03b"},
    {file = "cffi-1.17.1-cp38-cp38-manylinux_2_12_i686.manylinux2010_i686.manylinux_2_17_i686.manylinux2014_i686.whl", hash = "sha256:c7eac2ef9b63c79431bc4b25f1cd649d7f061a28808cbc6c47b534bd789ef964"},
    {file = "cffi-1.17.1-cp38-cp38-manylinux_2_17_aarch64.manylinux2014_aarch64.whl", hash = "sha256:e221cf152cff04059d011ee126477f0d9588303eb57e88923578ace7baad17f9"},
    {file = "cffi-1.17.1-cp38-cp38-manylinux_2_17_ppc64le.manylinux2014_ppc64le.whl", hash = "sha256:31000ec67d4221a71bd3f67df918b1f88f676f1c3b535a7eb473255fdc0b83fc"},
    {file = "cffi-1.17.1-cp38-cp38-manylinux_2_17_s390x.manylinux2014_s390x.whl", hash = "sha256:6f17be4345073b0a7b8ea599688f692ac3ef23ce28e5df79c04de519dbc4912c"},
    {file = "cffi-1.17.1-cp38-cp38-manylinux_2_17_x86_64.manylinux2014_x86_64.whl", hash = "sha256:0e2b1fac190ae3ebfe37b979cc1ce69c81f4e4fe5746bb401dca63a9062cdaf1"},
    {file = "cffi-1.17.1-cp38-cp38-win32.whl", hash = "sha256:7596d6620d3fa590f677e9ee430df2958d2d6d6de2feeae5b20e82c00b76fbf8"},
    {file = "cffi-1.17.1-cp38-cp38-win_amd64.whl", hash = "sha256:78122be759c3f8a014ce010908ae03364d00a1f81ab5c7f4a7a5120607ea56e1"},
    {file = "cffi-1.17.1-cp39-cp39-macosx_10_9_x86_64.whl", hash = "sha256:b2ab587605f4ba0bf81dc0cb08a41bd1c0a5906bd59243d56bad7668a6fc6c16"},
    {file = "cffi-1.17.1-cp39-cp39-macosx_11_0_arm64.whl", hash = "sha256:28b16024becceed8c6dfbc75629e27788d8a3f9030691a1dbf9821a128b22c36"},
    {file = "cffi-1.17.1-cp39-cp39-manylinux_2_12_i686.manylinux2010_i686.manylinux_2_17_i686.manylinux2014_i686.whl", hash = "sha256:1d599671f396c4723d016dbddb72fe8e0397082b0a77a4fab8028923bec050e8"},
    {file = "cffi-1.17.1-cp39-cp39-manylinux_2_17_aarch64.manylinux2014_aarch64.whl", hash = "sha256:ca74b8dbe6e8e8263c0ffd60277de77dcee6c837a3d0881d8c1ead7268c9e576"},
    {file = "cffi-1.17.1-cp39-cp39-manylinux_2_17_ppc64le.manylinux2014_ppc64le.whl", hash = "sha256:f7f5baafcc48261359e14bcd6d9bff6d4b28d9103847c9e136694cb0501aef87"},
    {file = "cffi-1.17.1-cp39-cp39-manylinux_2_17_s390x.manylinux2014_s390x.whl", hash = "sha256:98e3969bcff97cae1b2def8ba499ea3d6f31ddfdb7635374834cf89a1a08ecf0"},
    {file = "cffi-1.17.1-cp39-cp39-manylinux_2_17_x86_64.manylinux2014_x86_64.whl", hash = "sha256:cdf5ce3acdfd1661132f2a9c19cac174758dc2352bfe37d98aa7512c6b7178b3"},
    {file = "cffi-1.17.1-cp39-cp39-musllinux_1_1_aarch64.whl", hash = "sha256:9755e4345d1ec879e3849e62222a18c7174d65a6a92d5b346b1863912168b595"},
    {file = "cffi-1.17.1-cp39-cp39-musllinux_1_1_i686.whl", hash = "sha256:f1e22e8c4419538cb197e4dd60acc919d7696e5ef98ee4da4e01d3f8cfa4cc5a"},
    {file = "cffi-1.17.1-cp39-cp39-musllinux_1_1_x86_64.whl", hash = "sha256:c03e868a0b3bc35839ba98e74211ed2b05d2119be4e8a0f224fba9384f1fe02e"},
    {file = "cffi-1.17.1-cp39-cp39-win32.whl", hash = "sha256:e31ae45bc2e29f6b2abd0de1cc3b9d5205aa847cafaecb8af1476a609a2f6eb7"},
    {file = "cffi-1.17.1-cp39-cp39-win_amd64.whl", hash = "sha256:d016c76bdd850f3c626af19b0542c9677ba156e4ee4fccfdd7848803533ef662"},
    {file = "cffi-1.17.1.tar.gz", hash = "sha256:1c39c6016c32bc48dd54561950ebd6836e1670f2ae46128f67cf49e789c52824"},
]

[package.dependencies]
pycparser = "*"

[[package]]
name = "kicad-python"
version = "0.2.0"
description = "KiCad API Python Bindings"
category = "main"
optional = false
python-versions = "<4.0,>=3.9"
files = [
    {file = "kicad_python-0.2.0-cp312-cp312-macosx_14_0_arm64.whl", hash = "sha256:827e0b01e765e555deddfdf6ee47c3a1a05c885452372cafd809b9dff420119b"},
    {file = "kicad_python-0.2.0-py3-none-any.whl", hash = "sha256:3482c9dd5228a36057ff71b6e126f44ab5f4a9d482ed4b52884757b1c5335161"},
    {file = "kicad_python-0.2.0.tar.gz", hash = "sha256:a26c545f1606525da1f8fbb7213880c3959fd741e600e4a720b99aa802963f29"},
]

[package.dependencies]
protobuf = ">=5.29,<6.0"
pynng = ">=0.8.0,<0.9.0"

[[package]]
name = "protobuf"
version = "5.29.3"
description = ""
category = "main"
optional = false
python-versions = ">=3.8"
files = [
    {file = "protobuf-5.29.3-cp310-abi3-win32.whl", hash = "sha256:3ea51771449e1035f26069c4c7fd51fba990d07bc55ba80701c78f886bf9c888"},
    {file = "protobuf-5.29.3-cp310-abi3-win_amd64.whl", hash = "sha256:a4fa6f80816a9a0678429e84973f2f98cbc218cca434abe8db2ad0bffc98503a"},
    {file = "protobuf-5.29.3-cp38-abi3-macosx_10_9_universal2.whl", hash = "sha256:a8434404bbf139aa9e1300dbf989667a83d42ddda9153d8ab76e0d5dcaca484e"},
    {file = "protobuf-5.29.3-cp38-abi3-manylinux2014_aarch64.whl", hash = "sha256:daaf63f70f25e8689c072cfad4334ca0ac1d1e05a92fc15c54eb9cf23c3efd84"},
    {file = "protobuf-5.29.3-cp38-abi3-manylinux2014_x86_64.whl", hash = "sha256:c027e08a08be10b67c06bf2370b99c811c466398c357e615ca88c91c07f0910f"},
    {file = "protobuf-5.29.3-cp38-cp38-win32.whl", hash = "sha256:84a57163a0ccef3f96e4b6a20516cedcf5bb3a95a657131c5c3ac62200d23252"},
    {file = "protobuf-5.29.3-cp38-cp38-win_amd64.whl", hash = "sha256:b89c115d877892a512f79a8114564fb435943b59067615894c3b13cd3e1fa107"},
    {file = "protobuf-5.29.3-cp39-cp39-win32.whl", hash = "sha256:0eb32bfa5219fc8d4111803e9a690658aa2e6366384fd0851064b963b6d1f2a7"},
    {file = "protobuf-5.29.3-cp39-cp39-win_amd64.whl", hash = "sha256:6ce8cc3389a20693bfde6c6562e03474c40851b44975c9b2bf6df7d8c4f864da"},
    {file = "protobuf-5.29.3-py3-none-any.whl", hash = "sha256:0a18ed4a24198528f2333802eb075e59dea9d679ab7a6c5efb017a59004d849f"},
    {file = "protobuf-5.29.3.tar.gz", hash = "sha256:5da0f41edaf117bde316404bad1a486cb4ededf8e4a54891296f648e8e076620"},
]

[[package]]
name = "pycparser"
version = "2.22"
description = "C parser in Python"
category = "main"
optional = false
python-versions = ">=3.8"
files = [
    {file = "pycparser-2.22-py3-none-any.whl", hash = "sha256:c3702b6d3dd8c7abc1afa565d7e63d53a1d0bd86cdc24edd75470f4de499cfcc"},
    {file = "pycparser-2.22.tar.gz", hash = "sha256:491c8be9c040f5390f5bf44a5b07752bd07f56edf992381b05c701439eec10f6"},
]

[[package]]
name = "pynng"
version = "0.8.1"
description = "Networking made simply using nng"
category = "main"
optional = false
python-versions = "*"
files = [
    {file = "pynng-0.8.1-cp310-cp310-macosx_10_9_universal2.whl", hash = "sha256:7d458d4791b015041c9e1322542a5bcb77fa941ea9d7b6df657f512fbf0fa1a9"},
    {file = "pynng-0.8.1-cp310-cp310-manylinux_2_17_i686.manylinux2014_i686.whl", hash = "sha256:ef2712df67aa8e9dbf26ed7c23a9420a35e02d8cb9b9478b953cf5244148468d"},
    {file = "pynng-0.8.1-cp310-cp310-manylinux_2_17_x86_64.manylinux2014_x86_64.whl", hash = "sha256:6046ddd1cfeaddc152574819c577e1605c76205e7f73cde2241ec148e80acb4d"},
    {file = "pynng-0.8.1-cp310-cp310-musllinux_1_2_i686.whl", hash = "sha256:ba00bd1a062a1547581d7691b97a31d0a8ac128b9fa082e30253536ffe80e9a3"},
    {file = "pynng-0.8.1-cp310-cp310-musllinux_1_2_x86_64.whl", hash = "sha256:95373d01dc97a74476e612bcdc5abfad6e7aff49f41767da68c2483d90282f21"},
    {file = "pynng-0.8.1-cp310-cp310-win32.whl", hash = "sha256:549c4d1e917865588a902acdb63b88567d8aeddea462c18ad4c0e9e747d4cabf"},
    {file = "pynng-0.8.1-cp310-cp310-win_amd64.whl", hash = "sha256:6da8cbfac9f0d295466a307ad9065e39895651ad73f5d54fb0622a324d1199fd"},
    {file = "pynng-0.8.1-cp311-cp311-macosx_10_9_universal2.whl", hash = "sha256:69b9231083c292989f60f0e6c645400ce08864d5bc0e87c61abffd0a1e5764a5"},
    {file = "pynng-0.8.1-cp311-cp311-manylinux_2_17_i686.manylinux2014_i686.whl", hash = "sha256:3ec0b1164fc31c5a497c4c53438f8e7b181d1ee68b834c22f92770172a933346"},
    {file = "pynng-0.8.1-cp311-cp311-manylinux_2_17_x86_64.manylinux2014_x86_64.whl", hash = "sha256:c3ee6a617f6179cddff25dd36df9b7c0d6b37050b08b5c990441589b58a75b14"},
    {file = "pynng-0.8.1-cp311-cp311-musllinux_1_2_i686.whl", hash = "sha256:6d40eaddeaf3f6c3bae6c85aaa2274f3828b7303c9b0eaa5ae263ff9f96aec52"},
    {file = "pynng-0.8.1-cp311-cp311-musllinux_1_2_x86_64.whl", hash = "sha256:4656e541c0dd11cd9c69603de0c13edf21e41ff8e8b463168ca7bd96724c19c2"},
    {file = "pynng-0.8.1-cp311-cp311-win32.whl", hash = "sha256:1200af4d2f19c6d26e8742fff7fcede389b5ea1b54b8da48699d2d5562c6b185"},
    {file = "pynng-0.8.1-cp311-cp311-win_amd64.whl", hash = "sha256:b4e271538ed0dd029f2166b633084691eca10fe0d7f2b579db8e1a72f8b8011e"},
    {file = "pynng-0.8.1-cp312-cp312-macosx_10_13_universal2.whl", hash = "sha256:df13ffa5a4953b85ed43c252f5e6a00b7791faa22b9d3040e0546d878fc921a4"},
    {file = "pynng-0.8.1-cp312-cp312-manylinux_2_17_i686.manylinux2014_i686.whl", hash = "sha256:2fb8d43c23e9668fb3db3992b98b7364c2991027a79d6e66af850d70820a631c"},
    {file = "pynng-0.8.1-cp312-cp312-manylinux_2_17_x86_64.manylinux2014_x86_64.whl", hash = "sha256:915f4f8c39684dcf6028548110f647c44a517163db5f89ceeb0c17b9c3a37205"},
    {file = "pynng-0.8.1-cp312-cp312-musllinux_1_2_i686.whl", hash = "sha256:ead5f360a956bc7ccbe3b20701346cecf7d1098b8ad77b6979fd7c055b9226f1"},
    {file = "pynng-0.8.1-cp312-cp312-musllinux_1_2_x86_64.whl", hash = "sha256:6d8237ed1c49823695ea3e6ef2e521370426b67f2010850e1b6c66c52aa1f067"},
    {file = "pynng-0.8.1-cp312-cp312-win32.whl", hash = "sha256:78fe08a000b6c7200c1ad0d6a26491c1ba5c9493975e218af0963b9ca03e5a7a"},
    {file = "pynng-0.8.1-cp312-cp312-win_amd64.whl", hash = "sha256:117552188abe448a467feedcc68f03f2d386e596c0e44a0849c05fca72d40d3f"},
    {file = "pynng-0.8.1-cp313-cp313-macosx_10_13_universal2.whl", hash = "sha256:e1013dc1773e8a4cee633a8516977d59c17711b56b0df9d6c174d8ac722b19d9"},
    {file = "pynng-0.8.1-cp313-cp313-manylinux_2_17_i686.manylinux2014_i686.whl", hash = "sha256:0a89b5d3f9801913a22c85cf320efdffc1a2eda925939a0e1a6edc0e194eab27"},
    {file = "pynng-0.8.1-cp313-cp313-manylinux_2_17_x86_64.manylinux2014_x86_64.whl", hash = "sha256:b2f0a7fdd96c99eaf1a1fce755a6eb39e0ca1cf46cf81c01abe593adabc53b45"},
    {file = "pynng-0.8.1-cp313-cp313-musllinux_1_2_i686.whl", hash = "sha256:88cbda575215e854a241ae837aac613e88d197b0489ef61f4a42f2e9dd793f01"},
    {file = "pynng-0.8.1-cp313-cp313-musllinux_1_2_x86_64.whl", hash = "sha256:3f635d6361f9ad81d16ba794a5a9b3aa47ed92a7709b88396523676cb6bddb1f"},
    {file = "pynng-0.8.1-cp313-cp313-win32.whl", hash = "sha256:6d5c51249ca221f0c4e27b13269a230b19fc5e10a60cbfa7a8109995b22e861e"},
    {file = "pynng-0.8.1-cp313-cp313-win_amd64.whl", hash = "sha256:1f9c52bca0d063843178d6f43a302e0e2d6fbe20272de5b3c37f4873c3d55a42"},
    {file = "pynng-0.8.1-cp37-cp37m-manylinux_2_17_i686.manylinux2014_i686.whl", hash = "sha256:8d98a0310af1d5ae3bd823bf089d23cb86a8e73f247ad4205b3dba039d4817d7"},
    {file = "pynng-0.8.1-cp37-cp37m-manylinux_2_17_x86_64.manylinux2014_x86_64.whl", hash = "sha256:7ba7f8b9f8de5d3249397acbc3d85448bf132811accd6e8a742f38ff05928915"},
    {file = "pynng-0.8.1-cp37-cp37m-musllinux_1_2_i686.whl", hash = "sha256:cb3467b0855e6e80079808a84becd5114c0369d7461d2df96d97e5dfb350a235"},
    {file = "pynng-0.8.1-cp37-cp37m-musllinux_1_2_x86_64.whl", hash = "sha256:9860139bb29b8b8c7268df3822346bb4ea2d8b5a81a47b4568be8bab99b27821"},
    {file = "pynng-0.8.1-cp37-cp37m-win32.whl", hash = "sha256:e2dfdd3b1625aa40579800355bbba695299d2fbbe28872cb5a59cb0104a223d0"},
    {file = "pynng-0.8.1-cp37-cp37m-win_amd64.whl", hash = "sha256:9afdf5dfdf169a7b26a049477ca5dc8677daf2b21fd44b93026d6e9640178f84"},
    {file = "pynng-0.8.1-cp38-cp38-macosx_10_9_universal2.whl", hash = "sha256:c9a0aa7ec876cf29489e2cc47b337e3963f5fd9aba479e310dc8dbb6bfa2ce89"},
    {file = "pynng-0.8.1-cp38-cp38-manylinux_2_17_i686.manylinux2014_i686.whl", hash = "sha256:4d8739596df44c81663c25c29020a4b9e301e43ab600720b9e3a2ebc9f8752c5"},
    {file = "pynng-0.8.1-cp38-cp38-manylinux_2_17_x86_64.manylinux2014_x86_64.whl", hash = "sha256:7c04b6f5b49962c4b03be4a5937d22dfef0e431d9f1c052dff92f9c51ddc299a"},
    {file = "pynng-0.8.1-cp38-cp38-musllinux_1_2_i686.whl", hash = "sha256:b97ce30e7d272dd17cf6849f24352390a4b5e4ca8eaa143e00109e7cdd59b297"},
    {file = "pynng-0.8.1-cp38-cp38-musllinux_1_2_x86_64.whl", hash = "sha256:533d13e63a347f1246e64263d7717993c6c12384d575392df66dd0889de0408a"},
    {file = "pynng-0.8.1-cp38-cp38-win32.whl", hash = "sha256:88a7e41d305197db75fe0e5b89cc304bd1c0aaa0598480a67932c2d5c2a19e14"},
    {file = "pynng-0.8.1-cp38-cp38-win_amd64.whl", hash = "sha256:c6f94552adcf6b2d9da87c24cffe3a551144294478bddc4be1031f7144911bea"},
    {file = "pynng-0.8.1-cp39-cp39-macosx_10_9_universal2.whl", hash = "sha256:e9d897c77087fd2a1a8adfa77f340e213f6676833f42d1db8d0c4e7bcbd7c234"},
    {file = "pynng-0.8.1-cp39-cp39-manylinux_2_17_i686.manylinux2014_i686.whl", hash = "sha256:7aeda6216303e16d8feee28f205a781507ad3014cb27ed7294ac4f5749ea91fb"},
    {file = "pynng-0.8.1-cp39-cp39-manylinux_2_17_x86_64.manylinux2014_x86_64.whl", hash = "sha256:e7d05d8a0c0956bd271f0f9b4d54a58db2f7b6f7d281bf0552ddc62c1a241111"},
    {file = "pynng-0.8.1-cp39-cp39-musllinux_1_2_i686.whl", hash = "sha256:419a7d5d38537de0177f3c86f16fc98689173f2d790bac97eeb4c97fc5cced33"},
    {file = "pynng-0.8.1-cp39-cp39-musllinux_1_2_x86_64.whl", hash = "sha256:e0c7d4e74a21d68b66139971d9762c47547d911da8865d2e4597167f6c5dd967"},
    {file = "pynng-0.8.1-cp39-cp39-win32.whl", hash = "sha256:49ef09f5d9a1a9c5ea868a7442a580db57a935d8c37bf478d90fe54e91809a7a"},
    {file = "pynng-0.8.1-cp39-cp39-win_amd64.whl", hash = "sha256:0822e7f70d62f2d9768627413260fb809303a1c94bd7abab0f923a92facdea25"},
    {file = "pynng-0.8.1-pp310-pypy310_pp73-manylinux_2_17_i686.manylinux2014_i686.whl", hash = "sha256:12463f0641b383847ccc85b4b728bce6952f18cba6e7027c32fe6bc643aa3808"},
    {file = "pynng-0.8.1-pp310-pypy310_pp73-manylinux_2_17_x86_64.manylinux2014_x86_64.whl", hash = "sha256:efa0d9f31feca858cc923f257d304d57674bc7795466347829b075f169b622ff"},
    {file = "pynng-0.8.1-pp37-pypy37_pp73-manylinux_2_17_i686.manylinux2014_i686.whl", hash = "sha256:949c937399519da0bae74e1be1ed6cd455c0a11a6cb4efc36379a43a7ec26657"},
    {file = "pynng-0.8.1-pp37-pypy37_pp73-manylinux_2_17_x86_64.manylinux2014_x86_64.whl", hash = "sha256:751cadea89ba3bbe432a1ef4cd4a890bc0eaae74d0d6daec523618bc0c885228"},
    {file = "pynng-0.8.1-pp37-pypy37_pp73-win_amd64.whl", hash = "sha256:3c189db41a325cd0c5f1e18f0240a107b30f3460c39490632e12969e018be2a2"},
    {file = "pynng-0.8.1-pp38-pypy38_pp73-manylinux_2_17_i686.manylinux2014_i686.whl", hash = "sha256:9cf7f84f2b1c969fe5c1ba7b4bc00453b546f8799de37cf9e9b402ee46dc86ed"},
    {file = "pynng-0.8.1-pp38-pypy38_pp73-manylinux_2_17_x86_64.manylinux2014_x86_64.whl", hash = "sha256:5e17459a5fb1bc89f52d88624a03b5208f396f9de88aa96931bc4b7705e3a5b6"},
    {file = "pynng-0.8.1-pp38-pypy38_pp73-win_amd64.whl", hash = "sha256:03644a593bac61ae15c5c0200e775972d552a15a959595228b55b9c5dd51a80e"},
    {file = "pynng-0.8.1-pp39-pypy39_pp73-manylinux_2_17_i686.manylinux2014_i686.whl", hash = "sha256:520a22eb20df16f1f551caa975656ab72c4a95a0d7fe356eb3a317b05f287729"},
    {file = "pynng-0.8.1-pp39-pypy39_pp73-manylinux_2_17_x86_64.manylinux2014_x86_64.whl", hash = "sha256:1070aca5457a2ac9097ae6d7fc866fe12b1b43d34efdc72e1e5d4e188d926023"},
    {file = "pynng-0.8.1.tar.gz", hash = "sha256:60165f34bdf501885e0acceaeed79bc35a57f3ca3c913cb38c14919b9bd3656f"},
]

[package.dependencies]
cffi = "*"
sniffio = "*"

[package.extras]
dev = ["pytest", "pytest-asyncio", "pytest-trio", "trio"]
docs = ["sphinx", "sphinx-rtd-theme", "sphinxcontrib-trio"]

[[package]]
name = "sniffio"
version = "1.3.1"
description = "Sniff out which async library your code is running under"
category = "main"
optional = false
python-versions = ">=3.7"
files = [
    {file = "sniffio-1.3.1-py3-none-any.whl", hash = "sha256:2f6da418d1f1e0fddd844478f41680e794e6051915791a034ff65e5f100525a2"},
    {file = "sniffio-1.3.1.tar.gz", hash = "sha256:f4324edc670a0f49750a81b895f35c3adb843cca46f0530f79fc1babb23789dc"},
]

[metadata]
lock-version = "2.0"
python-versions = "^3.9"
content-hash = "22381b283301f2cb3757c849be0cd10d1d7cd1e363c37a7194bf6b63a5808eaa"
